// !$*UTF8*$!
{
	archiveVersion = 1;
	classes = {
	};
	objectVersion = 46;
	objects = {

/* Begin PBXBuildFile section */
		E92690F61874454700E654BC /* Foundation.framework in Frameworks */ = {isa = PBXBuildFile; fileRef = E92690F51874454700E654BC /* Foundation.framework */; };
		E92690F81874454700E654BC /* CoreGraphics.framework in Frameworks */ = {isa = PBXBuildFile; fileRef = E92690F71874454700E654BC /* CoreGraphics.framework */; };
		E92690FA1874454700E654BC /* UIKit.framework in Frameworks */ = {isa = PBXBuildFile; fileRef = E92690F91874454700E654BC /* UIKit.framework */; };
		E92691001874454700E654BC /* InfoPlist.strings in Resources */ = {isa = PBXBuildFile; fileRef = E92690FE1874454700E654BC /* InfoPlist.strings */; };
		E92691021874454700E654BC /* main.m in Sources */ = {isa = PBXBuildFile; fileRef = E92691011874454700E654BC /* main.m */; };
		E92691061874454700E654BC /* AppDelegate.m in Sources */ = {isa = PBXBuildFile; fileRef = E92691051874454700E654BC /* AppDelegate.m */; };
		E92691091874454700E654BC /* Main.storyboard in Resources */ = {isa = PBXBuildFile; fileRef = E92691071874454700E654BC /* Main.storyboard */; };
		E926910C1874454700E654BC /* ViewController.m in Sources */ = {isa = PBXBuildFile; fileRef = E926910B1874454700E654BC /* ViewController.m */; };
		E926910E1874454700E654BC /* Images.xcassets in Resources */ = {isa = PBXBuildFile; fileRef = E926910D1874454700E654BC /* Images.xcassets */; };
		E92691151874454700E654BC /* XCTest.framework in Frameworks */ = {isa = PBXBuildFile; fileRef = E92691141874454700E654BC /* XCTest.framework */; };
		E92691161874454700E654BC /* Foundation.framework in Frameworks */ = {isa = PBXBuildFile; fileRef = E92690F51874454700E654BC /* Foundation.framework */; };
		E92691171874454700E654BC /* UIKit.framework in Frameworks */ = {isa = PBXBuildFile; fileRef = E92690F91874454700E654BC /* UIKit.framework */; };
		E926911F1874454700E654BC /* InfoPlist.strings in Resources */ = {isa = PBXBuildFile; fileRef = E926911D1874454700E654BC /* InfoPlist.strings */; };
		E92691211874454700E654BC /* GitHubTestTests.m in Sources */ = {isa = PBXBuildFile; fileRef = E92691201874454700E654BC /* GitHubTestTests.m */; };
/* End PBXBuildFile section */

/* Begin PBXContainerItemProxy section */
		E92691181874454700E654BC /* PBXContainerItemProxy */ = {
			isa = PBXContainerItemProxy;
			containerPortal = E92690EA1874454600E654BC /* Project object */;
			proxyType = 1;
			remoteGlobalIDString = E92690F11874454700E654BC;
			remoteInfo = GitHubTest;
		};
/* End PBXContainerItemProxy section */

/* Begin PBXFileReference section */
		E92690F21874454700E654BC /* GitHubTest.app */ = {isa = PBXFileReference; explicitFileType = wrapper.application; includeInIndex = 0; path = GitHubTest.app; sourceTree = BUILT_PRODUCTS_DIR; };
		E92690F51874454700E654BC /* Foundation.framework */ = {isa = PBXFileReference; lastKnownFileType = wrapper.framework; name = Foundation.framework; path = System/Library/Frameworks/Foundation.framework; sourceTree = SDKROOT; };
		E92690F71874454700E654BC /* CoreGraphics.framework */ = {isa = PBXFileReference; lastKnownFileType = wrapper.framework; name = CoreGraphics.framework; path = System/Library/Frameworks/CoreGraphics.framework; sourceTree = SDKROOT; };
		E92690F91874454700E654BC /* UIKit.framework */ = {isa = PBXFileReference; lastKnownFileType = wrapper.framework; name = UIKit.framework; path = System/Library/Frameworks/UIKit.framework; sourceTree = SDKROOT; };
		E92690FD1874454700E654BC /* GitHubTest-Info.plist */ = {isa = PBXFileReference; lastKnownFileType = text.plist.xml; path = "GitHubTest-Info.plist"; sourceTree = "<group>"; };
		E92690FF1874454700E654BC /* en */ = {isa = PBXFileReference; lastKnownFileType = text.plist.strings; name = en; path = en.lproj/InfoPlist.strings; sourceTree = "<group>"; };
		E92691011874454700E654BC /* main.m */ = {isa = PBXFileReference; lastKnownFileType = sourcecode.c.objc; path = main.m; sourceTree = "<group>"; };
		E92691031874454700E654BC /* GitHubTest-Prefix.pch */ = {isa = PBXFileReference; lastKnownFileType = sourcecode.c.h; path = "GitHubTest-Prefix.pch"; sourceTree = "<group>"; };
		E92691041874454700E654BC /* AppDelegate.h */ = {isa = PBXFileReference; lastKnownFileType = sourcecode.c.h; path = AppDelegate.h; sourceTree = "<group>"; };
		E92691051874454700E654BC /* AppDelegate.m */ = {isa = PBXFileReference; lastKnownFileType = sourcecode.c.objc; path = AppDelegate.m; sourceTree = "<group>"; };
		E92691081874454700E654BC /* Base */ = {isa = PBXFileReference; lastKnownFileType = file.storyboard; name = Base; path = Base.lproj/Main.storyboard; sourceTree = "<group>"; };
		E926910A1874454700E654BC /* ViewController.h */ = {isa = PBXFileReference; lastKnownFileType = sourcecode.c.h; path = ViewController.h; sourceTree = "<group>"; };
		E926910B1874454700E654BC /* ViewController.m */ = {isa = PBXFileReference; lastKnownFileType = sourcecode.c.objc; path = ViewController.m; sourceTree = "<group>"; };
		E926910D1874454700E654BC /* Images.xcassets */ = {isa = PBXFileReference; lastKnownFileType = folder.assetcatalog; path = Images.xcassets; sourceTree = "<group>"; };
		E92691131874454700E654BC /* GitHubTestTests.xctest */ = {isa = PBXFileReference; explicitFileType = wrapper.cfbundle; includeInIndex = 0; path = GitHubTestTests.xctest; sourceTree = BUILT_PRODUCTS_DIR; };
		E92691141874454700E654BC /* XCTest.framework */ = {isa = PBXFileReference; lastKnownFileType = wrapper.framework; name = XCTest.framework; path = Library/Frameworks/XCTest.framework; sourceTree = DEVELOPER_DIR; };
		E926911C1874454700E654BC /* GitHubTestTests-Info.plist */ = {isa = PBXFileReference; lastKnownFileType = text.plist.xml; path = "GitHubTestTests-Info.plist"; sourceTree = "<group>"; };
		E926911E1874454700E654BC /* en */ = {isa = PBXFileReference; lastKnownFileType = text.plist.strings; name = en; path = en.lproj/InfoPlist.strings; sourceTree = "<group>"; };
		E92691201874454700E654BC /* GitHubTestTests.m */ = {isa = PBXFileReference; lastKnownFileType = sourcecode.c.objc; path = GitHubTestTests.m; sourceTree = "<group>"; };
/* End PBXFileReference section */

/* Begin PBXFrameworksBuildPhase section */
		E92690EF1874454700E654BC /* Frameworks */ = {
			isa = PBXFrameworksBuildPhase;
			buildActionMask = 2147483647;
			files = (
				E92690F81874454700E654BC /* CoreGraphics.framework in Frameworks */,
				E92690FA1874454700E654BC /* UIKit.framework in Frameworks */,
				E92690F61874454700E654BC /* Foundation.framework in Frameworks */,
			);
			runOnlyForDeploymentPostprocessing = 0;
		};
		E92691101874454700E654BC /* Frameworks */ = {
			isa = PBXFrameworksBuildPhase;
			buildActionMask = 2147483647;
			files = (
				E92691151874454700E654BC /* XCTest.framework in Frameworks */,
				E92691171874454700E654BC /* UIKit.framework in Frameworks */,
				E92691161874454700E654BC /* Foundation.framework in Frameworks */,
			);
			runOnlyForDeploymentPostprocessing = 0;
		};
/* End PBXFrameworksBuildPhase section */

/* Begin PBXGroup section */
		E92690E91874454600E654BC = {
			isa = PBXGroup;
			children = (
				E92690FB1874454700E654BC /* GitHubTest */,
				E926911A1874454700E654BC /* GitHubTestTests */,
				E92690F41874454700E654BC /* Frameworks */,
				E92690F31874454700E654BC /* Products */,
			);
			sourceTree = "<group>";
		};
		E92690F31874454700E654BC /* Products */ = {
			isa = PBXGroup;
			children = (
				E92690F21874454700E654BC /* GitHubTest.app */,
				E92691131874454700E654BC /* GitHubTestTests.xctest */,
			);
			name = Products;
			sourceTree = "<group>";
		};
		E92690F41874454700E654BC /* Frameworks */ = {
			isa = PBXGroup;
			children = (
				E92690F51874454700E654BC /* Foundation.framework */,
				E92690F71874454700E654BC /* CoreGraphics.framework */,
				E92690F91874454700E654BC /* UIKit.framework */,
				E92691141874454700E654BC /* XCTest.framework */,
			);
			name = Frameworks;
			sourceTree = "<group>";
		};
		E92690FB1874454700E654BC /* GitHubTest */ = {
			isa = PBXGroup;
			children = (
				E92691041874454700E654BC /* AppDelegate.h */,
				E92691051874454700E654BC /* AppDelegate.m */,
				E92691071874454700E654BC /* Main.storyboard */,
				E926910A1874454700E654BC /* ViewController.h */,
				E926910B1874454700E654BC /* ViewController.m */,
				E926910D1874454700E654BC /* Images.xcassets */,
				E92690FC1874454700E654BC /* Supporting Files */,
			);
			path = GitHubTest;
			sourceTree = "<group>";
		};
		E92690FC1874454700E654BC /* Supporting Files */ = {
			isa = PBXGroup;
			children = (
				E92690FD1874454700E654BC /* GitHubTest-Info.plist */,
				E92690FE1874454700E654BC /* InfoPlist.strings */,
				E92691011874454700E654BC /* main.m */,
				E92691031874454700E654BC /* GitHubTest-Prefix.pch */,
			);
			name = "Supporting Files";
			sourceTree = "<group>";
		};
		E926911A1874454700E654BC /* GitHubTestTests */ = {
			isa = PBXGroup;
			children = (
				E92691201874454700E654BC /* GitHubTestTests.m */,
				E926911B1874454700E654BC /* Supporting Files */,
			);
			path = GitHubTestTests;
			sourceTree = "<group>";
		};
		E926911B1874454700E654BC /* Supporting Files */ = {
			isa = PBXGroup;
			children = (
				E926911C1874454700E654BC /* GitHubTestTests-Info.plist */,
				E926911D1874454700E654BC /* InfoPlist.strings */,
			);
			name = "Supporting Files";
			sourceTree = "<group>";
		};
/* End PBXGroup section */

/* Begin PBXNativeTarget section */
		E92690F11874454700E654BC /* GitHubTest */ = {
			isa = PBXNativeTarget;
			buildConfigurationList = E92691241874454700E654BC /* Build configuration list for PBXNativeTarget "GitHubTest" */;
			buildPhases = (
				E92690EE1874454700E654BC /* Sources */,
				E92690EF1874454700E654BC /* Frameworks */,
				E92690F01874454700E654BC /* Resources */,
			);
			buildRules = (
			);
			dependencies = (
			);
			name = GitHubTest;
			productName = GitHubTest;
			productReference = E92690F21874454700E654BC /* GitHubTest.app */;
			productType = "com.apple.product-type.application";
		};
		E92691121874454700E654BC /* GitHubTestTests */ = {
			isa = PBXNativeTarget;
			buildConfigurationList = E92691271874454700E654BC /* Build configuration list for PBXNativeTarget "GitHubTestTests" */;
			buildPhases = (
				E926910F1874454700E654BC /* Sources */,
				E92691101874454700E654BC /* Frameworks */,
				E92691111874454700E654BC /* Resources */,
			);
			buildRules = (
			);
			dependencies = (
				E92691191874454700E654BC /* PBXTargetDependency */,
			);
			name = GitHubTestTests;
			productName = GitHubTestTests;
			productReference = E92691131874454700E654BC /* GitHubTestTests.xctest */;
			productType = "com.apple.product-type.bundle.unit-test";
		};
/* End PBXNativeTarget section */

/* Begin PBXProject section */
		E92690EA1874454600E654BC /* Project object */ = {
			isa = PBXProject;
			attributes = {
				LastUpgradeCheck = 0500;
				ORGANIZATIONNAME = "みぞらぼ";
				TargetAttributes = {
					E92691121874454700E654BC = {
						TestTargetID = E92690F11874454700E654BC;
					};
				};
			};
			buildConfigurationList = E92690ED1874454600E654BC /* Build configuration list for PBXProject "GitHubTest" */;
			compatibilityVersion = "Xcode 3.2";
			developmentRegion = English;
			hasScannedForEncodings = 0;
			knownRegions = (
				en,
				Base,
			);
			mainGroup = E92690E91874454600E654BC;
			productRefGroup = E92690F31874454700E654BC /* Products */;
			projectDirPath = "";
			projectRoot = "";
			targets = (
				E92690F11874454700E654BC /* GitHubTest */,
				E92691121874454700E654BC /* GitHubTestTests */,
			);
		};
/* End PBXProject section */

/* Begin PBXResourcesBuildPhase section */
		E92690F01874454700E654BC /* Resources */ = {
			isa = PBXResourcesBuildPhase;
			buildActionMask = 2147483647;
			files = (
				E926910E1874454700E654BC /* Images.xcassets in Resources */,
				E92691001874454700E654BC /* InfoPlist.strings in Resources */,
				E92691091874454700E654BC /* Main.storyboard in Resources */,
			);
			runOnlyForDeploymentPostprocessing = 0;
		};
		E92691111874454700E654BC /* Resources */ = {
			isa = PBXResourcesBuildPhase;
			buildActionMask = 2147483647;
			files = (
				E926911F1874454700E654BC /* InfoPlist.strings in Resources */,
			);
			runOnlyForDeploymentPostprocessing = 0;
		};
/* End PBXResourcesBuildPhase section */

/* Begin PBXSourcesBuildPhase section */
		E92690EE1874454700E654BC /* Sources */ = {
			isa = PBXSourcesBuildPhase;
			buildActionMask = 2147483647;
			files = (
				E926910C1874454700E654BC /* ViewController.m in Sources */,
				E92691061874454700E654BC /* AppDelegate.m in Sources */,
				E92691021874454700E654BC /* main.m in Sources */,
			);
			runOnlyForDeploymentPostprocessing = 0;
		};
		E926910F1874454700E654BC /* Sources */ = {
			isa = PBXSourcesBuildPhase;
			buildActionMask = 2147483647;
			files = (
				E92691211874454700E654BC /* GitHubTestTests.m in Sources */,
			);
			runOnlyForDeploymentPostprocessing = 0;
		};
/* End PBXSourcesBuildPhase section */

/* Begin PBXTargetDependency section */
		E92691191874454700E654BC /* PBXTargetDependency */ = {
			isa = PBXTargetDependency;
			target = E92690F11874454700E654BC /* GitHubTest */;
			targetProxy = E92691181874454700E654BC /* PBXContainerItemProxy */;
		};
/* End PBXTargetDependency section */

/* Begin PBXVariantGroup section */
		E92690FE1874454700E654BC /* InfoPlist.strings */ = {
			isa = PBXVariantGroup;
			children = (
				E92690FF1874454700E654BC /* en */,
			);
			name = InfoPlist.strings;
			sourceTree = "<group>";
		};
		E92691071874454700E654BC /* Main.storyboard */ = {
			isa = PBXVariantGroup;
			children = (
				E92691081874454700E654BC /* Base */,
			);
			name = Main.storyboard;
			sourceTree = "<group>";
		};
		E926911D1874454700E654BC /* InfoPlist.strings */ = {
			isa = PBXVariantGroup;
			children = (
				E926911E1874454700E654BC /* en */,
			);
			name = InfoPlist.strings;
			sourceTree = "<group>";
		};
/* End PBXVariantGroup section */

/* Begin XCBuildConfiguration section */
		E92691221874454700E654BC /* Debug */ = {
			isa = XCBuildConfiguration;
			buildSettings = {
				ALWAYS_SEARCH_USER_PATHS = NO;
				ARCHS = "$(ARCHS_STANDARD_INCLUDING_64_BIT)";
				CLANG_CXX_LANGUAGE_STANDARD = "gnu++0x";
				CLANG_CXX_LIBRARY = "libc++";
				CLANG_ENABLE_MODULES = YES;
				CLANG_ENABLE_OBJC_ARC = YES;
				CLANG_WARN_BOOL_CONVERSION = YES;
				CLANG_WARN_CONSTANT_CONVERSION = YES;
				CLANG_WARN_DIRECT_OBJC_ISA_USAGE = YES_ERROR;
				CLANG_WARN_EMPTY_BODY = YES;
				CLANG_WARN_ENUM_CONVERSION = YES;
				CLANG_WARN_INT_CONVERSION = YES;
				CLANG_WARN_OBJC_ROOT_CLASS = YES_ERROR;
				CLANG_WARN__DUPLICATE_METHOD_MATCH = YES;
				"CODE_SIGN_IDENTITY[sdk=iphoneos*]" = "iPhone Developer";
				COPY_PHASE_STRIP = NO;
				GCC_C_LANGUAGE_STANDARD = gnu99;
				GCC_DYNAMIC_NO_PIC = NO;
				GCC_OPTIMIZATION_LEVEL = 0;
				GCC_PREPROCESSOR_DEFINITIONS = (
					"DEBUG=1",
					"$(inherited)",
				);
				GCC_SYMBOLS_PRIVATE_EXTERN = NO;
				GCC_WARN_64_TO_32_BIT_CONVERSION = YES;
				GCC_WARN_ABOUT_RETURN_TYPE = YES_ERROR;
				GCC_WARN_UNDECLARED_SELECTOR = YES;
				GCC_WARN_UNINITIALIZED_AUTOS = YES;
				GCC_WARN_UNUSED_FUNCTION = YES;
				GCC_WARN_UNUSED_VARIABLE = YES;
				IPHONEOS_DEPLOYMENT_TARGET = 7.0;
				ONLY_ACTIVE_ARCH = YES;
				SDKROOT = iphoneos;
			};
			name = Debug;
		};
		E92691231874454700E654BC /* Release */ = {
			isa = XCBuildConfiguration;
			buildSettings = {
				ALWAYS_SEARCH_USER_PATHS = NO;
				ARCHS = "$(ARCHS_STANDARD_INCLUDING_64_BIT)";
				CLANG_CXX_LANGUAGE_STANDARD = "gnu++0x";
				CLANG_CXX_LIBRARY = "libc++";
				CLANG_ENABLE_MODULES = YES;
				CLANG_ENABLE_OBJC_ARC = YES;
				CLANG_WARN_BOOL_CONVERSION = YES;
				CLANG_WARN_CONSTANT_CONVERSION = YES;
				CLANG_WARN_DIRECT_OBJC_ISA_USAGE = YES_ERROR;
				CLANG_WARN_EMPTY_BODY = YES;
				CLANG_WARN_ENUM_CONVERSION = YES;
				CLANG_WARN_INT_CONVERSION = YES;
				CLANG_WARN_OBJC_ROOT_CLASS = YES_ERROR;
				CLANG_WARN__DUPLICATE_METHOD_MATCH = YES;
				"CODE_SIGN_IDENTITY[sdk=iphoneos*]" = "iPhone Developer";
				COPY_PHASE_STRIP = YES;
				ENABLE_NS_ASSERTIONS = NO;
				GCC_C_LANGUAGE_STANDARD = gnu99;
				GCC_WARN_64_TO_32_BIT_CONVERSION = YES;
				GCC_WARN_ABOUT_RETURN_TYPE = YES_ERROR;
				GCC_WARN_UNDECLARED_SELECTOR = YES;
				GCC_WARN_UNINITIALIZED_AUTOS = YES;
				GCC_WARN_UNUSED_FUNCTION = YES;
				GCC_WARN_UNUSED_VARIABLE = YES;
				IPHONEOS_DEPLOYMENT_TARGET = 7.0;
				SDKROOT = iphoneos;
				VALIDATE_PRODUCT = YES;
			};
			name = Release;
		};
		E92691251874454700E654BC /* Debug */ = {
			isa = XCBuildConfiguration;
			buildSettings = {
				ASSETCATALOG_COMPILER_APPICON_NAME = AppIcon;
				ASSETCATALOG_COMPILER_LAUNCHIMAGE_NAME = LaunchImage;
				GCC_PRECOMPILE_PREFIX_HEADER = YES;
				GCC_PREFIX_HEADER = "GitHubTest/GitHubTest-Prefix.pch";
				INFOPLIST_FILE = "GitHubTest/GitHubTest-Info.plist";
				PRODUCT_NAME = "$(TARGET_NAME)";
				WRAPPER_EXTENSION = app;
			};
			name = Debug;
		};
		E92691261874454700E654BC /* Release */ = {
			isa = XCBuildConfiguration;
			buildSettings = {
				ASSETCATALOG_COMPILER_APPICON_NAME = AppIcon;
				ASSETCATALOG_COMPILER_LAUNCHIMAGE_NAME = LaunchImage;
				GCC_PRECOMPILE_PREFIX_HEADER = YES;
				GCC_PREFIX_HEADER = "GitHubTest/GitHubTest-Prefix.pch";
				INFOPLIST_FILE = "GitHubTest/GitHubTest-Info.plist";
				PRODUCT_NAME = "$(TARGET_NAME)";
				WRAPPER_EXTENSION = app;
			};
			name = Release;
		};
		E92691281874454700E654BC /* Debug */ = {
			isa = XCBuildConfiguration;
			buildSettings = {
				ARCHS = "$(ARCHS_STANDARD_INCLUDING_64_BIT)";
				BUNDLE_LOADER = "$(BUILT_PRODUCTS_DIR)/GitHubTest.app/GitHubTest";
				FRAMEWORK_SEARCH_PATHS = (
					"$(SDKROOT)/Developer/Library/Frameworks",
					"$(inherited)",
					"$(DEVELOPER_FRAMEWORKS_DIR)",
				);
				GCC_PRECOMPILE_PREFIX_HEADER = YES;
				GCC_PREFIX_HEADER = "GitHubTest/GitHubTest-Prefix.pch";
				GCC_PREPROCESSOR_DEFINITIONS = (
					"DEBUG=1",
					"$(inherited)",
				);
				INFOPLIST_FILE = "GitHubTestTests/GitHubTestTests-Info.plist";
				PRODUCT_NAME = "$(TARGET_NAME)";
				TEST_HOST = "$(BUNDLE_LOADER)";
				WRAPPER_EXTENSION = xctest;
			};
			name = Debug;
		};
		E92691291874454700E654BC /* Release */ = {
			isa = XCBuildConfiguration;
			buildSettings = {
				ARCHS = "$(ARCHS_STANDARD_INCLUDING_64_BIT)";
				BUNDLE_LOADER = "$(BUILT_PRODUCTS_DIR)/GitHubTest.app/GitHubTest";
				FRAMEWORK_SEARCH_PATHS = (
					"$(SDKROOT)/Developer/Library/Frameworks",
					"$(inherited)",
					"$(DEVELOPER_FRAMEWORKS_DIR)",
				);
				GCC_PRECOMPILE_PREFIX_HEADER = YES;
				GCC_PREFIX_HEADER = "GitHubTest/GitHubTest-Prefix.pch";
				INFOPLIST_FILE = "GitHubTestTests/GitHubTestTests-Info.plist";
				PRODUCT_NAME = "$(TARGET_NAME)";
				TEST_HOST = "$(BUNDLE_LOADER)";
				WRAPPER_EXTENSION = xctest;
			};
			name = Release;
		};
/* End XCBuildConfiguration section */

/* Begin XCConfigurationList section */
		E92690ED1874454600E654BC /* Build configuration list for PBXProject "GitHubTest" */ = {
			isa = XCConfigurationList;
			buildConfigurations = (
				E92691221874454700E654BC /* Debug */,
				E92691231874454700E654BC /* Release */,
			);
			defaultConfigurationIsVisible = 0;
			defaultConfigurationName = Release;
		};
		E92691241874454700E654BC /* Build configuration list for PBXNativeTarget "GitHubTest" */ = {
			isa = XCConfigurationList;
			buildConfigurations = (
				E92691251874454700E654BC /* Debug */,
				E92691261874454700E654BC /* Release */,
			);
			defaultConfigurationIsVisible = 0;
		};
		E92691271874454700E654BC /* Build configuration list for PBXNativeTarget "GitHubTestTests" */ = {
			isa = XCConfigurationList;
			buildConfigurations = (
				E92691281874454700E654BC /* Debug */,
				E92691291874454700E654BC /* Release */,
			);
			defaultConfigurationIsVisible = 0;
		};
/* End XCConfigurationList section */
	};
	rootObject = E92690EA1874454600E654BC /* Project object */;
}
